
Microsoft Visual Studio Solution File, Format Version 12.00
# Visual Studio Version 16
VisualStudioVersion = 16.0.29025.244
MinimumVisualStudioVersion = 10.0.40219.1
Project("{9A19103F-16F7-4668-BE54-9A1E7A4F7556}") = "ManagerWeb", "ManagerWeb\ManagerWeb.csproj", "{858F1155-B4FA-4CB8-BAD2-E02B43328039}"
EndProject
Global
	GlobalSection(SolutionConfigurationPlatforms) = preSolution
		Debug|Any CPU = Debug|Any CPU
		Release|Any CPU = Release|Any CPU
	EndGlobalSection
	GlobalSection(ProjectConfigurationPlatforms) = postSolution
		{858F1155-B4FA-4CB8-BAD2-E02B43328039}.Debug|Any CPU.ActiveCfg = Debug|Any CPU
		{858F1155-B4FA-4CB8-BAD2-E02B43328039}.Debug|Any CPU.Build.0 = Debug|Any CPU
		{858F1155-B4FA-4CB8-BAD2-E02B43328039}.Release|Any CPU.ActiveCfg = Release|Any CPU
		{858F1155-B4FA-4CB8-BAD2-E02B43328039}.Release|Any CPU.Build.0 = Release|Any CPU
	EndGlobalSection
	GlobalSection(SolutionProperties) = preSolution
		HideSolutionNode = FALSE
	EndGlobalSection
	GlobalSection(ExtensibilityGlobals) = postSolution
		SolutionGuid = {DF36B4B4-FFD2-45C5-B6F4-BC182EBF23A2}
	EndGlobalSection
EndGlobal
